
Microsoft Visual Studio Solution File, Format Version 12.00
# Visual Studio Version 17
VisualStudioVersion = 17.14.37027.9 d17.14
MinimumVisualStudioVersion = 10.0.40219.1
Project("{D2ABAB84-BF74-430A-B69E-9DC6D40DDA17}") = "CuboFutbol", "CuboFutbol.dwproj", "{5F564231-E41B-33B3-8121-3AA6FBD430CB}"
EndProject
Global
	GlobalSection(SolutionConfigurationPlatforms) = preSolution
		Development|Default = Development|Default
	EndGlobalSection
	GlobalSection(ProjectConfigurationPlatforms) = postSolution
		{5F564231-E41B-33B3-8121-3AA6FBD430CB}.Development|Default.ActiveCfg = Development
		{5F564231-E41B-33B3-8121-3AA6FBD430CB}.Development|Default.Build.0 = Development
		{5F564231-E41B-33B3-8121-3AA6FBD430CB}.Development|Default.Deploy.0 = Development
	EndGlobalSection
	GlobalSection(SolutionProperties) = preSolution
		HideSolutionNode = FALSE
	EndGlobalSection
	GlobalSection(ExtensibilityGlobals) = postSolution
		SolutionGuid = {D200DD55-91D9-4E8E-9026-0708D9478B35}
	EndGlobalSection
EndGlobal
